
Microsoft Visual Studio Solution File, Format Version 12.00
# Visual Studio 15
Project("{FAE04EC0-301F-11D3-BF4B-00C04F79EFBC}") = "Assembly-CSharp", "Assembly-CSharp.csproj", "{96C8AABD-A90B-3C58-CFDF-61EF5EC68F39}"
EndProject
Project("{FAE04EC0-301F-11D3-BF4B-00C04F79EFBC}") = "VuforiaScripts", "VuforiaScripts.csproj", "{B6BE0F94-E2BD-AD42-0E0A-94AA8160D226}"
EndProject
Project("{FAE04EC0-301F-11D3-BF4B-00C04F79EFBC}") = "Assembly-CSharp-Editor", "Assembly-CSharp-Editor.csproj", "{830FE2B3-1328-8B08-2A0C-B4F83FBD4031}"
EndProject
Project("{FAE04EC0-301F-11D3-BF4B-00C04F79EFBC}") = "VuforiaEditorScripts", "VuforiaEditorScripts.csproj", "{4D857C47-00A8-9C6C-FDC9-074FD5CE1F1C}"
EndProject
Global
	GlobalSection(SolutionConfigurationPlatforms) = preSolution
		Debug|Any CPU = Debug|Any CPU
		Release|Any CPU = Release|Any CPU
	EndGlobalSection
	GlobalSection(ProjectConfigurationPlatforms) = postSolution
		{96C8AABD-A90B-3C58-CFDF-61EF5EC68F39}.Debug|Any CPU.ActiveCfg = Debug|Any CPU
		{96C8AABD-A90B-3C58-CFDF-61EF5EC68F39}.Debug|Any CPU.Build.0 = Debug|Any CPU
		{96C8AABD-A90B-3C58-CFDF-61EF5EC68F39}.Release|Any CPU.ActiveCfg = Release|Any CPU
		{96C8AABD-A90B-3C58-CFDF-61EF5EC68F39}.Release|Any CPU.Build.0 = Release|Any CPU
		{B6BE0F94-E2BD-AD42-0E0A-94AA8160D226}.Debug|Any CPU.ActiveCfg = Debug|Any CPU
		{B6BE0F94-E2BD-AD42-0E0A-94AA8160D226}.Debug|Any CPU.Build.0 = Debug|Any CPU
		{B6BE0F94-E2BD-AD42-0E0A-94AA8160D226}.Release|Any CPU.ActiveCfg = Release|Any CPU
		{B6BE0F94-E2BD-AD42-0E0A-94AA8160D226}.Release|Any CPU.Build.0 = Release|Any CPU
		{830FE2B3-1328-8B08-2A0C-B4F83FBD4031}.Debug|Any CPU.ActiveCfg = Debug|Any CPU
		{830FE2B3-1328-8B08-2A0C-B4F83FBD4031}.Debug|Any CPU.Build.0 = Debug|Any CPU
		{830FE2B3-1328-8B08-2A0C-B4F83FBD4031}.Release|Any CPU.ActiveCfg = Release|Any CPU
		{830FE2B3-1328-8B08-2A0C-B4F83FBD4031}.Release|Any CPU.Build.0 = Release|Any CPU
		{4D857C47-00A8-9C6C-FDC9-074FD5CE1F1C}.Debug|Any CPU.ActiveCfg = Debug|Any CPU
		{4D857C47-00A8-9C6C-FDC9-074FD5CE1F1C}.Debug|Any CPU.Build.0 = Debug|Any CPU
		{4D857C47-00A8-9C6C-FDC9-074FD5CE1F1C}.Release|Any CPU.ActiveCfg = Release|Any CPU
		{4D857C47-00A8-9C6C-FDC9-074FD5CE1F1C}.Release|Any CPU.Build.0 = Release|Any CPU
	EndGlobalSection
	GlobalSection(SolutionProperties) = preSolution
		HideSolutionNode = FALSE
	EndGlobalSection
EndGlobal
