
Microsoft Visual Studio Solution File, Format Version 12.00
# Visual Studio 2017
Project("{FAE04EC0-301F-11D3-BF4B-00C04F79EFBC}") = "ARStoneFinal", "ARStoneFinal.csproj", "{6CA0E9CD-6E34-2040-0ABC-79DF9C05CA7C}"
EndProject
Project("{FAE04EC0-301F-11D3-BF4B-00C04F79EFBC}") = "ARStoneFinal", "ARStoneFinal.csproj", "{6CA0E9CD-6E34-2040-0ABC-79DF9C05CA7C}"
EndProject
Project("{FAE04EC0-301F-11D3-BF4B-00C04F79EFBC}") = "ARStoneFinal.Editor", "ARStoneFinal.Editor.csproj", "{3B0AB66C-E192-A8E7-E102-8150F452D1A2}"
EndProject
Project("{FAE04EC0-301F-11D3-BF4B-00C04F79EFBC}") = "ARStoneFinal.Editor", "ARStoneFinal.Editor.csproj", "{3B0AB66C-E192-A8E7-E102-8150F452D1A2}"
EndProject
Project("{FAE04EC0-301F-11D3-BF4B-00C04F79EFBC}") = "ARStoneFinal.Editor", "ARStoneFinal.Editor.csproj", "{3B0AB66C-E192-A8E7-E102-8150F452D1A2}"
EndProject
Project("{FAE04EC0-301F-11D3-BF4B-00C04F79EFBC}") = "ARStoneFinal.Editor", "ARStoneFinal.Editor.csproj", "{3B0AB66C-E192-A8E7-E102-8150F452D1A2}"
EndProject
Global
	GlobalSection(SolutionConfigurationPlatforms) = preSolution
		Debug|Any CPU = Debug|Any CPU
		Release|Any CPU = Release|Any CPU
	EndGlobalSection
	GlobalSection(ProjectConfigurationPlatforms) = postSolution
		{6CA0E9CD-6E34-2040-0ABC-79DF9C05CA7C}.Debug|Any CPU.ActiveCfg = Debug|Any CPU
		{6CA0E9CD-6E34-2040-0ABC-79DF9C05CA7C}.Debug|Any CPU.Build.0 = Debug|Any CPU
		{6CA0E9CD-6E34-2040-0ABC-79DF9C05CA7C}.Release|Any CPU.ActiveCfg = Release|Any CPU
		{6CA0E9CD-6E34-2040-0ABC-79DF9C05CA7C}.Release|Any CPU.Build.0 = Release|Any CPU
		{6CA0E9CD-6E34-2040-0ABC-79DF9C05CA7C}.Debug|Any CPU.ActiveCfg = Debug|Any CPU
		{6CA0E9CD-6E34-2040-0ABC-79DF9C05CA7C}.Debug|Any CPU.Build.0 = Debug|Any CPU
		{6CA0E9CD-6E34-2040-0ABC-79DF9C05CA7C}.Release|Any CPU.ActiveCfg = Release|Any CPU
		{6CA0E9CD-6E34-2040-0ABC-79DF9C05CA7C}.Release|Any CPU.Build.0 = Release|Any CPU
		{3B0AB66C-E192-A8E7-E102-8150F452D1A2}.Debug|Any CPU.ActiveCfg = Debug|Any CPU
		{3B0AB66C-E192-A8E7-E102-8150F452D1A2}.Debug|Any CPU.Build.0 = Debug|Any CPU
		{3B0AB66C-E192-A8E7-E102-8150F452D1A2}.Release|Any CPU.ActiveCfg = Release|Any CPU
		{3B0AB66C-E192-A8E7-E102-8150F452D1A2}.Release|Any CPU.Build.0 = Release|Any CPU
		{3B0AB66C-E192-A8E7-E102-8150F452D1A2}.Debug|Any CPU.ActiveCfg = Debug|Any CPU
		{3B0AB66C-E192-A8E7-E102-8150F452D1A2}.Debug|Any CPU.Build.0 = Debug|Any CPU
		{3B0AB66C-E192-A8E7-E102-8150F452D1A2}.Release|Any CPU.ActiveCfg = Release|Any CPU
		{3B0AB66C-E192-A8E7-E102-8150F452D1A2}.Release|Any CPU.Build.0 = Release|Any CPU
		{3B0AB66C-E192-A8E7-E102-8150F452D1A2}.Debug|Any CPU.ActiveCfg = Debug|Any CPU
		{3B0AB66C-E192-A8E7-E102-8150F452D1A2}.Debug|Any CPU.Build.0 = Debug|Any CPU
		{3B0AB66C-E192-A8E7-E102-8150F452D1A2}.Release|Any CPU.ActiveCfg = Release|Any CPU
		{3B0AB66C-E192-A8E7-E102-8150F452D1A2}.Release|Any CPU.Build.0 = Release|Any CPU
		{3B0AB66C-E192-A8E7-E102-8150F452D1A2}.Debug|Any CPU.ActiveCfg = Debug|Any CPU
		{3B0AB66C-E192-A8E7-E102-8150F452D1A2}.Debug|Any CPU.Build.0 = Debug|Any CPU
		{3B0AB66C-E192-A8E7-E102-8150F452D1A2}.Release|Any CPU.ActiveCfg = Release|Any CPU
		{3B0AB66C-E192-A8E7-E102-8150F452D1A2}.Release|Any CPU.Build.0 = Release|Any CPU
	EndGlobalSection
	GlobalSection(SolutionProperties) = preSolution
		HideSolutionNode = FALSE
	EndGlobalSection
EndGlobal
